PODS:
  - FMDB (2.6.2):
    - FMDB/standard (= 2.6.2)
  - FMDB/standard (2.6.2)
  - JSQSystemSoundPlayer (4.4.0)
  - MBProgressHUD (0.9.2)
  - SDWebImage (3.8.2):
    - SDWebImage/Core (= 3.8.2)
  - SDWebImage/Core (3.8.2)
  - TZImagePickerController (1.6.4)
  - YYModel (1.0.4)

DEPENDENCIES:
  - FMDB
  - JSQSystemSoundPlayer
  - MBProgressHUD
  - SDWebImage
  - TZImagePickerController
  - YYModel

SPEC CHECKSUMS:
  FMDB: 854a0341b4726e53276f2a8996f06f1b80f9259a
  JSQSystemSoundPlayer: 126ccc4a08db8fc3036bd07d33b0f8eda1559476
  MBProgressHUD: 1569cf7ace17a8bac47aabfbb8580a49690386d1
  SDWebImage: 098e97e6176540799c27e804c96653ee0833d13c
  TZImagePickerController: e13a695a4623a94ac094b43baa28f8046d6a29f9
  YYModel: 2a7fdd96aaa4b86a824e26d0c517de8928c04b30

PODFILE CHECKSUM: b65f82a6105a9813325a882e81b28c5a7b75d935

COCOAPODS: 1.0.1
